
Microsoft Visual Studio Solution File, Format Version 12.00
# Visual Studio Version 17
VisualStudioVersion = 17.3.32825.248
MinimumVisualStudioVersion = 10.0.40219.1
Project("{FAE04EC0-301F-11D3-BF4B-00C04F79EFBC}") = "Financije", "Financije\Financije.csproj", "{1E70168F-591A-40D1-AC7D-EB5AED8C4046}"
EndProject
Project("{FAE04EC0-301F-11D3-BF4B-00C04F79EFBC}") = "Tests", "Tests\Tests.csproj", "{7BDCDC2E-A7F2-45A1-A60A-29538CE31D34}"
EndProject
Global
	GlobalSection(SolutionConfigurationPlatforms) = preSolution
		Debug|Any CPU = Debug|Any CPU
		Release|Any CPU = Release|Any CPU
	EndGlobalSection
	GlobalSection(ProjectConfigurationPlatforms) = postSolution
		{1E70168F-591A-40D1-AC7D-EB5AED8C4046}.Debug|Any CPU.ActiveCfg = Debug|Any CPU
		{1E70168F-591A-40D1-AC7D-EB5AED8C4046}.Debug|Any CPU.Build.0 = Debug|Any CPU
		{1E70168F-591A-40D1-AC7D-EB5AED8C4046}.Release|Any CPU.ActiveCfg = Release|Any CPU
		{1E70168F-591A-40D1-AC7D-EB5AED8C4046}.Release|Any CPU.Build.0 = Release|Any CPU
		{7BDCDC2E-A7F2-45A1-A60A-29538CE31D34}.Debug|Any CPU.ActiveCfg = Debug|Any CPU
		{7BDCDC2E-A7F2-45A1-A60A-29538CE31D34}.Debug|Any CPU.Build.0 = Debug|Any CPU
		{7BDCDC2E-A7F2-45A1-A60A-29538CE31D34}.Release|Any CPU.ActiveCfg = Release|Any CPU
		{7BDCDC2E-A7F2-45A1-A60A-29538CE31D34}.Release|Any CPU.Build.0 = Release|Any CPU
	EndGlobalSection
	GlobalSection(SolutionProperties) = preSolution
		HideSolutionNode = FALSE
	EndGlobalSection
	GlobalSection(ExtensibilityGlobals) = postSolution
		SolutionGuid = {03CFF1E1-A27D-4D6A-8A4F-58E4DF80CAF2}
	EndGlobalSection
EndGlobal
